
Microsoft Visual Studio Solution File, Format Version 12.00
# Visual Studio Version 17
VisualStudioVersion = 17.5.002.0
MinimumVisualStudioVersion = 10.0.40219.1
Project("{9A19103F-16F7-4668-BE54-9A1E7A4F7556}") = "Boletin", "Boletin.csproj", "{4527C216-C581-4956-944B-2FCA8D011962}"
EndProject
Global
	GlobalSection(SolutionConfigurationPlatforms) = preSolution
		Debug|Any CPU = Debug|Any CPU
		Release|Any CPU = Release|Any CPU
	EndGlobalSection
	GlobalSection(ProjectConfigurationPlatforms) = postSolution
		{4527C216-C581-4956-944B-2FCA8D011962}.Debug|Any CPU.ActiveCfg = Debug|Any CPU
		{4527C216-C581-4956-944B-2FCA8D011962}.Debug|Any CPU.Build.0 = Debug|Any CPU
		{4527C216-C581-4956-944B-2FCA8D011962}.Release|Any CPU.ActiveCfg = Release|Any CPU
		{4527C216-C581-4956-944B-2FCA8D011962}.Release|Any CPU.Build.0 = Release|Any CPU
	EndGlobalSection
	GlobalSection(SolutionProperties) = preSolution
		HideSolutionNode = FALSE
	EndGlobalSection
	GlobalSection(ExtensibilityGlobals) = postSolution
		SolutionGuid = {5B2F3770-A4CC-4D53-8F16-7F7F38F3FF11}
	EndGlobalSection
EndGlobal
